{
    "auth0/auth0-php": {
        "version": "5.7.0"
    },
    "auth0/jwt-auth-bundle": {
        "version": "3.4.0"
    },
    "firebase/php-jwt": {
        "version": "v5.4.0"
    },
    "symfony/security-core": {
        "version": "v4.4.29"
    },
    "symfony/security-csrf": {
        "version": "v4.4.27"
    },
    "symfony/security-guard": {
        "version": "v4.4.27"
    },
    "symfony/security-http": {
        "version": "v4.4.27"
    }
}
